
Microsoft Visual Studio Solution File, Format Version 12.00
# Visual Studio Version 17
VisualStudioVersion = 17.9.34728.123
MinimumVisualStudioVersion = 10.0.40219.1
Project("{888888A0-9F3D-457C-B088-3A5042F75D52}") = "ShioajiConsoleAP", "ShioajiConsoleAP.pyproj", "{14BA9C39-A096-4979-AFAE-E94E8B91B8AC}"
EndProject
Global
	GlobalSection(SolutionConfigurationPlatforms) = preSolution
		Debug|Any CPU = Debug|Any CPU
		Release|Any CPU = Release|Any CPU
	EndGlobalSection
	GlobalSection(ProjectConfigurationPlatforms) = postSolution
		{14BA9C39-A096-4979-AFAE-E94E8B91B8AC}.Debug|Any CPU.ActiveCfg = Debug|Any CPU
		{14BA9C39-A096-4979-AFAE-E94E8B91B8AC}.Release|Any CPU.ActiveCfg = Release|Any CPU
	EndGlobalSection
	GlobalSection(SolutionProperties) = preSolution
		HideSolutionNode = FALSE
	EndGlobalSection
	GlobalSection(ExtensibilityGlobals) = postSolution
		SolutionGuid = {7F3DA797-0E10-4CAD-A052-71FF804526A1}
	EndGlobalSection
EndGlobal
